{"pid": 9756, "cwd": "/home/void0312/CMO", "argv": ["/home/void0312/CMO/train.py", "--scenario", "/home/void0312/CMO/scenarios/combined/takeoff_to_landing_continuous_train_v1.json", "--train_config", "/home/void0312/CMO/experiments_ablation_visual/_ablation_configs/p5_visual_ds_ds1_seed0.json", "--run_name", "p5_visual_ds_ds1_seed0", "--output_base", "/home/void0312/CMO/experiments_ablation_visual", "--seed", "0", "--n_envs", "4"], "acquired_at": "2026-03-20T18:15:22"}
